
Microsoft Visual Studio Solution File, Format Version 12.00
# Visual Studio Version 16
VisualStudioVersion = 16.0.30320.27
MinimumVisualStudioVersion = 10.0.40219.1
Project("{2150E333-8FDC-42A3-9474-1A3956D46DE8}") = "Solution Items", "Solution Items", "{EFDC133A-6CAA-4A79-8E19-FB32FFA95181}"
	ProjectSection(SolutionItems) = preProject
		.editorconfig = .editorconfig
		README.md = README.md
	EndProjectSection
EndProject
Project("{9A19103F-16F7-4668-BE54-9A1E7A4F7556}") = "NIdentity.OpenId.Abstractions", "NIdentity.OpenId.Abstractions\NIdentity.OpenId.Abstractions.csproj", "{BC401E46-D702-42E4-AFBD-09D05FCCB0C9}"
EndProject
Project("{9A19103F-16F7-4668-BE54-9A1E7A4F7556}") = "NIdentity.OpenId.Core", "NIdentity.OpenId.Core\NIdentity.OpenId.Core.csproj", "{FF1AA0D2-80A8-4581-9CCE-57EB39AA095D}"
EndProject
Project("{9A19103F-16F7-4668-BE54-9A1E7A4F7556}") = "NIdentity.OpenId.Playground", "NIdentity.OpenId.Playground\NIdentity.OpenId.Playground.csproj", "{4913D767-3D47-4AC8-BD1F-A25580BBAEF2}"
EndProject
Project("{FAE04EC0-301F-11D3-BF4B-00C04F79EFBC}") = "NIdentity.OpenId.Core.Tests", "NIdentity.OpenId.Core.Tests\NIdentity.OpenId.Core.Tests.csproj", "{421E2D83-7CB1-4D1A-92C4-63DFC2152858}"
EndProject
Global
	GlobalSection(SolutionConfigurationPlatforms) = preSolution
		Debug|Any CPU = Debug|Any CPU
		Release|Any CPU = Release|Any CPU
	EndGlobalSection
	GlobalSection(ProjectConfigurationPlatforms) = postSolution
		{BC401E46-D702-42E4-AFBD-09D05FCCB0C9}.Debug|Any CPU.ActiveCfg = Debug|Any CPU
		{BC401E46-D702-42E4-AFBD-09D05FCCB0C9}.Debug|Any CPU.Build.0 = Debug|Any CPU
		{BC401E46-D702-42E4-AFBD-09D05FCCB0C9}.Release|Any CPU.ActiveCfg = Release|Any CPU
		{BC401E46-D702-42E4-AFBD-09D05FCCB0C9}.Release|Any CPU.Build.0 = Release|Any CPU
		{FF1AA0D2-80A8-4581-9CCE-57EB39AA095D}.Debug|Any CPU.ActiveCfg = Debug|Any CPU
		{FF1AA0D2-80A8-4581-9CCE-57EB39AA095D}.Debug|Any CPU.Build.0 = Debug|Any CPU
		{FF1AA0D2-80A8-4581-9CCE-57EB39AA095D}.Release|Any CPU.ActiveCfg = Release|Any CPU
		{FF1AA0D2-80A8-4581-9CCE-57EB39AA095D}.Release|Any CPU.Build.0 = Release|Any CPU
		{4913D767-3D47-4AC8-BD1F-A25580BBAEF2}.Debug|Any CPU.ActiveCfg = Debug|Any CPU
		{4913D767-3D47-4AC8-BD1F-A25580BBAEF2}.Debug|Any CPU.Build.0 = Debug|Any CPU
		{4913D767-3D47-4AC8-BD1F-A25580BBAEF2}.Release|Any CPU.ActiveCfg = Release|Any CPU
		{4913D767-3D47-4AC8-BD1F-A25580BBAEF2}.Release|Any CPU.Build.0 = Release|Any CPU
		{421E2D83-7CB1-4D1A-92C4-63DFC2152858}.Debug|Any CPU.ActiveCfg = Debug|Any CPU
		{421E2D83-7CB1-4D1A-92C4-63DFC2152858}.Debug|Any CPU.Build.0 = Debug|Any CPU
		{421E2D83-7CB1-4D1A-92C4-63DFC2152858}.Release|Any CPU.ActiveCfg = Release|Any CPU
		{421E2D83-7CB1-4D1A-92C4-63DFC2152858}.Release|Any CPU.Build.0 = Release|Any CPU
	EndGlobalSection
	GlobalSection(SolutionProperties) = preSolution
		HideSolutionNode = FALSE
	EndGlobalSection
	GlobalSection(ExtensibilityGlobals) = postSolution
		SolutionGuid = {373ADCE5-662C-4E19-9B49-89F4ADBF96F5}
	EndGlobalSection
EndGlobal
