
Microsoft Visual Studio Solution File, Format Version 12.00
# Visual Studio Version 16
VisualStudioVersion = 16.0.30320.27
MinimumVisualStudioVersion = 10.0.40219.1
Project("{2150E333-8FDC-42A3-9474-1A3956D46DE8}") = "Solution Items", "Solution Items", "{EFDC133A-6CAA-4A79-8E19-FB32FFA95181}"
	ProjectSection(SolutionItems) = preProject
		.editorconfig = .editorconfig
		README.md = README.md
	EndProjectSection
EndProject
Project("{9A19103F-16F7-4668-BE54-9A1E7A4F7556}") = "NCode.Identity.OpenId.Abstractions", "NCode.Identity.OpenId.Abstractions\NCode.Identity.OpenId.Abstractions.csproj", "{BC401E46-D702-42E4-AFBD-09D05FCCB0C9}"
EndProject
Project("{9A19103F-16F7-4668-BE54-9A1E7A4F7556}") = "NCode.Identity.OpenId.Core", "NCode.Identity.OpenId.Core\NCode.Identity.OpenId.Core.csproj", "{FF1AA0D2-80A8-4581-9CCE-57EB39AA095D}"
EndProject
Project("{9A19103F-16F7-4668-BE54-9A1E7A4F7556}") = "NCode.Identity.OpenId.Playground", "NCode.Identity.OpenId.Playground\NCode.Identity.OpenId.Playground.csproj", "{4913D767-3D47-4AC8-BD1F-A25580BBAEF2}"
EndProject
Project("{FAE04EC0-301F-11D3-BF4B-00C04F79EFBC}") = "NCode.Identity.OpenId.Core.Tests", "NCode.Identity.OpenId.Core.Tests\NCode.Identity.OpenId.Core.Tests.csproj", "{421E2D83-7CB1-4D1A-92C4-63DFC2152858}"
EndProject
Project("{FAE04EC0-301F-11D3-BF4B-00C04F79EFBC}") = "NCode.Identity.Jose", "NCode.Identity.Jose\NCode.Identity.Jose.csproj", "{79527D6D-BED2-4685-95D8-09366C34BF7F}"
EndProject
Project("{FAE04EC0-301F-11D3-BF4B-00C04F79EFBC}") = "NCode.Identity.Jose.Tests", "NCode.Identity.Jose.Tests\NCode.Identity.Jose.Tests.csproj", "{97FF6D64-D911-4C7D-8E17-8EB19AB50FC8}"
EndProject
Project("{FAE04EC0-301F-11D3-BF4B-00C04F79EFBC}") = "NCode.Identity.JsonWebTokens", "NCode.Identity.JsonWebTokens\NCode.Identity.JsonWebTokens.csproj", "{FB07E828-A196-44B1-B922-D5AEA15A4994}"
EndProject
Project("{FAE04EC0-301F-11D3-BF4B-00C04F79EFBC}") = "NCode.Identity.Jose.Abstractions", "NCode.Identity.Jose.Abstractions\NCode.Identity.Jose.Abstractions.csproj", "{05EF3A9B-035F-43FE-893D-B4FF596B6638}"
EndProject
Project("{FAE04EC0-301F-11D3-BF4B-00C04F79EFBC}") = "NCode.PropertyBag.Abstractions", "NCode.PropertyBag.Abstractions\NCode.PropertyBag.Abstractions.csproj", "{F818B8C2-4D6D-401F-B77D-5701D00DAFC5}"
EndProject
Project("{FAE04EC0-301F-11D3-BF4B-00C04F79EFBC}") = "NCode.PropertyBag", "NCode.PropertyBag\NCode.PropertyBag.csproj", "{EF863FA6-CC2D-4976-AA5D-1E4B64FC9AFC}"
EndProject
Project("{FAE04EC0-301F-11D3-BF4B-00C04F79EFBC}") = "NCode.Collections.Providers.Abstractions", "NCode.Collections.Providers.Abstractions\NCode.Collections.Providers.Abstractions.csproj", "{CB537BFE-D14E-42C2-8723-6B8F6EFAB6AE}"
EndProject
Project("{FAE04EC0-301F-11D3-BF4B-00C04F79EFBC}") = "NCode.Collections.Providers", "NCode.Collections.Providers\NCode.Collections.Providers.csproj", "{159DD5A6-F5E9-42AC-9032-6D5F049E18DF}"
EndProject
Project("{FAE04EC0-301F-11D3-BF4B-00C04F79EFBC}") = "NCode.Identity.Secrets.Abstractions", "NCode.Identity.Secrets.Abstractions\NCode.Identity.Secrets.Abstractions.csproj", "{06165F0A-DE8E-422C-9BAF-72473E629F49}"
EndProject
Project("{FAE04EC0-301F-11D3-BF4B-00C04F79EFBC}") = "NCode.Identity.Secrets", "NCode.Identity.Secrets\NCode.Identity.Secrets.csproj", "{F81D6E02-3547-430F-AD7B-955DDFE3DC18}"
EndProject
Project("{FAE04EC0-301F-11D3-BF4B-00C04F79EFBC}") = "NCode.Identity.DataProtection.Abstractions", "NCode.Identity.DataProtection.Abstractions\NCode.Identity.DataProtection.Abstractions.csproj", "{6FC01EF6-0C8F-4414-843E-9B8370809D4A}"
EndProject
Project("{FAE04EC0-301F-11D3-BF4B-00C04F79EFBC}") = "NCode.Identity.DataProtection", "NCode.Identity.DataProtection\NCode.Identity.DataProtection.csproj", "{8B79E9BD-3E1F-46C7-BDE2-CC590D07EA55}"
EndProject
Project("{FAE04EC0-301F-11D3-BF4B-00C04F79EFBC}") = "NCode.Identity.Persistence.Abstractions", "NCode.Identity.Persistence.Abstractions\NCode.Identity.Persistence.Abstractions.csproj", "{43257431-CF1E-4595-9003-9BD8C67BF580}"
EndProject
Project("{FAE04EC0-301F-11D3-BF4B-00C04F79EFBC}") = "NCode.Identity.Secrets.Persistence.Abstractions", "NCode.Identity.Secrets.Persistence.Abstractions\NCode.Identity.Secrets.Persistence.Abstractions.csproj", "{706DA8C1-8A75-4742-925D-F3D9CD1E5A17}"
EndProject
Project("{FAE04EC0-301F-11D3-BF4B-00C04F79EFBC}") = "NCode.Identity.Secrets.Persistence", "NCode.Identity.Secrets.Persistence\NCode.Identity.Secrets.Persistence.csproj", "{00F8DA9C-9D68-4500-BD0D-4A088668BE40}"
EndProject
Project("{FAE04EC0-301F-11D3-BF4B-00C04F79EFBC}") = "NCode.Identity.OpenId.Persistence.Abstractions", "NCode.Identity.OpenId.Persistence.Abstractions\NCode.Identity.OpenId.Persistence.Abstractions.csproj", "{AD921025-6D02-4D89-B9F5-4587CC99F307}"
EndProject
Project("{FAE04EC0-301F-11D3-BF4B-00C04F79EFBC}") = "NCode.Identity.OpenId.Persistence", "NCode.Identity.OpenId.Persistence\NCode.Identity.OpenId.Persistence.csproj", "{219D85CB-E976-4ED7-B82D-BD2FCABB500B}"
EndProject
Project("{FAE04EC0-301F-11D3-BF4B-00C04F79EFBC}") = "NCode.Identity.OpenId.Persistence.EntityFramework", "NCode.Identity.OpenId.Persistence.EntityFramework\NCode.Identity.OpenId.Persistence.EntityFramework.csproj", "{6C715461-D3F5-4F01-9789-A621C043540B}"
EndProject
Project("{FAE04EC0-301F-11D3-BF4B-00C04F79EFBC}") = "NCode.Identity.Common", "NCode.Identity.Common\NCode.Identity.Common.csproj", "{62B7D334-299C-420F-805D-E86E0049661E}"
EndProject
Global
	GlobalSection(SolutionConfigurationPlatforms) = preSolution
		Debug|Any CPU = Debug|Any CPU
		Release|Any CPU = Release|Any CPU
	EndGlobalSection
	GlobalSection(ProjectConfigurationPlatforms) = postSolution
		{BC401E46-D702-42E4-AFBD-09D05FCCB0C9}.Debug|Any CPU.ActiveCfg = Debug|Any CPU
		{BC401E46-D702-42E4-AFBD-09D05FCCB0C9}.Debug|Any CPU.Build.0 = Debug|Any CPU
		{BC401E46-D702-42E4-AFBD-09D05FCCB0C9}.Release|Any CPU.ActiveCfg = Release|Any CPU
		{BC401E46-D702-42E4-AFBD-09D05FCCB0C9}.Release|Any CPU.Build.0 = Release|Any CPU
		{FF1AA0D2-80A8-4581-9CCE-57EB39AA095D}.Debug|Any CPU.ActiveCfg = Debug|Any CPU
		{FF1AA0D2-80A8-4581-9CCE-57EB39AA095D}.Debug|Any CPU.Build.0 = Debug|Any CPU
		{FF1AA0D2-80A8-4581-9CCE-57EB39AA095D}.Release|Any CPU.ActiveCfg = Release|Any CPU
		{FF1AA0D2-80A8-4581-9CCE-57EB39AA095D}.Release|Any CPU.Build.0 = Release|Any CPU
		{4913D767-3D47-4AC8-BD1F-A25580BBAEF2}.Debug|Any CPU.ActiveCfg = Debug|Any CPU
		{4913D767-3D47-4AC8-BD1F-A25580BBAEF2}.Debug|Any CPU.Build.0 = Debug|Any CPU
		{4913D767-3D47-4AC8-BD1F-A25580BBAEF2}.Release|Any CPU.ActiveCfg = Release|Any CPU
		{4913D767-3D47-4AC8-BD1F-A25580BBAEF2}.Release|Any CPU.Build.0 = Release|Any CPU
		{421E2D83-7CB1-4D1A-92C4-63DFC2152858}.Debug|Any CPU.ActiveCfg = Debug|Any CPU
		{421E2D83-7CB1-4D1A-92C4-63DFC2152858}.Debug|Any CPU.Build.0 = Debug|Any CPU
		{421E2D83-7CB1-4D1A-92C4-63DFC2152858}.Release|Any CPU.ActiveCfg = Release|Any CPU
		{421E2D83-7CB1-4D1A-92C4-63DFC2152858}.Release|Any CPU.Build.0 = Release|Any CPU
		{79527D6D-BED2-4685-95D8-09366C34BF7F}.Debug|Any CPU.ActiveCfg = Debug|Any CPU
		{79527D6D-BED2-4685-95D8-09366C34BF7F}.Debug|Any CPU.Build.0 = Debug|Any CPU
		{79527D6D-BED2-4685-95D8-09366C34BF7F}.Release|Any CPU.ActiveCfg = Release|Any CPU
		{79527D6D-BED2-4685-95D8-09366C34BF7F}.Release|Any CPU.Build.0 = Release|Any CPU
		{97FF6D64-D911-4C7D-8E17-8EB19AB50FC8}.Debug|Any CPU.ActiveCfg = Debug|Any CPU
		{97FF6D64-D911-4C7D-8E17-8EB19AB50FC8}.Debug|Any CPU.Build.0 = Debug|Any CPU
		{97FF6D64-D911-4C7D-8E17-8EB19AB50FC8}.Release|Any CPU.ActiveCfg = Release|Any CPU
		{97FF6D64-D911-4C7D-8E17-8EB19AB50FC8}.Release|Any CPU.Build.0 = Release|Any CPU
		{FB07E828-A196-44B1-B922-D5AEA15A4994}.Debug|Any CPU.ActiveCfg = Debug|Any CPU
		{FB07E828-A196-44B1-B922-D5AEA15A4994}.Debug|Any CPU.Build.0 = Debug|Any CPU
		{FB07E828-A196-44B1-B922-D5AEA15A4994}.Release|Any CPU.ActiveCfg = Release|Any CPU
		{FB07E828-A196-44B1-B922-D5AEA15A4994}.Release|Any CPU.Build.0 = Release|Any CPU
		{05EF3A9B-035F-43FE-893D-B4FF596B6638}.Debug|Any CPU.ActiveCfg = Debug|Any CPU
		{05EF3A9B-035F-43FE-893D-B4FF596B6638}.Debug|Any CPU.Build.0 = Debug|Any CPU
		{05EF3A9B-035F-43FE-893D-B4FF596B6638}.Release|Any CPU.ActiveCfg = Release|Any CPU
		{05EF3A9B-035F-43FE-893D-B4FF596B6638}.Release|Any CPU.Build.0 = Release|Any CPU
		{F818B8C2-4D6D-401F-B77D-5701D00DAFC5}.Debug|Any CPU.ActiveCfg = Debug|Any CPU
		{F818B8C2-4D6D-401F-B77D-5701D00DAFC5}.Debug|Any CPU.Build.0 = Debug|Any CPU
		{F818B8C2-4D6D-401F-B77D-5701D00DAFC5}.Release|Any CPU.ActiveCfg = Release|Any CPU
		{F818B8C2-4D6D-401F-B77D-5701D00DAFC5}.Release|Any CPU.Build.0 = Release|Any CPU
		{EF863FA6-CC2D-4976-AA5D-1E4B64FC9AFC}.Debug|Any CPU.ActiveCfg = Debug|Any CPU
		{EF863FA6-CC2D-4976-AA5D-1E4B64FC9AFC}.Debug|Any CPU.Build.0 = Debug|Any CPU
		{EF863FA6-CC2D-4976-AA5D-1E4B64FC9AFC}.Release|Any CPU.ActiveCfg = Release|Any CPU
		{EF863FA6-CC2D-4976-AA5D-1E4B64FC9AFC}.Release|Any CPU.Build.0 = Release|Any CPU
		{CB537BFE-D14E-42C2-8723-6B8F6EFAB6AE}.Debug|Any CPU.ActiveCfg = Debug|Any CPU
		{CB537BFE-D14E-42C2-8723-6B8F6EFAB6AE}.Debug|Any CPU.Build.0 = Debug|Any CPU
		{CB537BFE-D14E-42C2-8723-6B8F6EFAB6AE}.Release|Any CPU.ActiveCfg = Release|Any CPU
		{CB537BFE-D14E-42C2-8723-6B8F6EFAB6AE}.Release|Any CPU.Build.0 = Release|Any CPU
		{159DD5A6-F5E9-42AC-9032-6D5F049E18DF}.Debug|Any CPU.ActiveCfg = Debug|Any CPU
		{159DD5A6-F5E9-42AC-9032-6D5F049E18DF}.Debug|Any CPU.Build.0 = Debug|Any CPU
		{159DD5A6-F5E9-42AC-9032-6D5F049E18DF}.Release|Any CPU.ActiveCfg = Release|Any CPU
		{159DD5A6-F5E9-42AC-9032-6D5F049E18DF}.Release|Any CPU.Build.0 = Release|Any CPU
		{06165F0A-DE8E-422C-9BAF-72473E629F49}.Debug|Any CPU.ActiveCfg = Debug|Any CPU
		{06165F0A-DE8E-422C-9BAF-72473E629F49}.Debug|Any CPU.Build.0 = Debug|Any CPU
		{06165F0A-DE8E-422C-9BAF-72473E629F49}.Release|Any CPU.ActiveCfg = Release|Any CPU
		{06165F0A-DE8E-422C-9BAF-72473E629F49}.Release|Any CPU.Build.0 = Release|Any CPU
		{F81D6E02-3547-430F-AD7B-955DDFE3DC18}.Debug|Any CPU.ActiveCfg = Debug|Any CPU
		{F81D6E02-3547-430F-AD7B-955DDFE3DC18}.Debug|Any CPU.Build.0 = Debug|Any CPU
		{F81D6E02-3547-430F-AD7B-955DDFE3DC18}.Release|Any CPU.ActiveCfg = Release|Any CPU
		{F81D6E02-3547-430F-AD7B-955DDFE3DC18}.Release|Any CPU.Build.0 = Release|Any CPU
		{6FC01EF6-0C8F-4414-843E-9B8370809D4A}.Debug|Any CPU.ActiveCfg = Debug|Any CPU
		{6FC01EF6-0C8F-4414-843E-9B8370809D4A}.Debug|Any CPU.Build.0 = Debug|Any CPU
		{6FC01EF6-0C8F-4414-843E-9B8370809D4A}.Release|Any CPU.ActiveCfg = Release|Any CPU
		{6FC01EF6-0C8F-4414-843E-9B8370809D4A}.Release|Any CPU.Build.0 = Release|Any CPU
		{8B79E9BD-3E1F-46C7-BDE2-CC590D07EA55}.Debug|Any CPU.ActiveCfg = Debug|Any CPU
		{8B79E9BD-3E1F-46C7-BDE2-CC590D07EA55}.Debug|Any CPU.Build.0 = Debug|Any CPU
		{8B79E9BD-3E1F-46C7-BDE2-CC590D07EA55}.Release|Any CPU.ActiveCfg = Release|Any CPU
		{8B79E9BD-3E1F-46C7-BDE2-CC590D07EA55}.Release|Any CPU.Build.0 = Release|Any CPU
		{43257431-CF1E-4595-9003-9BD8C67BF580}.Debug|Any CPU.ActiveCfg = Debug|Any CPU
		{43257431-CF1E-4595-9003-9BD8C67BF580}.Debug|Any CPU.Build.0 = Debug|Any CPU
		{43257431-CF1E-4595-9003-9BD8C67BF580}.Release|Any CPU.ActiveCfg = Release|Any CPU
		{43257431-CF1E-4595-9003-9BD8C67BF580}.Release|Any CPU.Build.0 = Release|Any CPU
		{706DA8C1-8A75-4742-925D-F3D9CD1E5A17}.Debug|Any CPU.ActiveCfg = Debug|Any CPU
		{706DA8C1-8A75-4742-925D-F3D9CD1E5A17}.Debug|Any CPU.Build.0 = Debug|Any CPU
		{706DA8C1-8A75-4742-925D-F3D9CD1E5A17}.Release|Any CPU.ActiveCfg = Release|Any CPU
		{706DA8C1-8A75-4742-925D-F3D9CD1E5A17}.Release|Any CPU.Build.0 = Release|Any CPU
		{00F8DA9C-9D68-4500-BD0D-4A088668BE40}.Debug|Any CPU.ActiveCfg = Debug|Any CPU
		{00F8DA9C-9D68-4500-BD0D-4A088668BE40}.Debug|Any CPU.Build.0 = Debug|Any CPU
		{00F8DA9C-9D68-4500-BD0D-4A088668BE40}.Release|Any CPU.ActiveCfg = Release|Any CPU
		{00F8DA9C-9D68-4500-BD0D-4A088668BE40}.Release|Any CPU.Build.0 = Release|Any CPU
		{AD921025-6D02-4D89-B9F5-4587CC99F307}.Debug|Any CPU.ActiveCfg = Debug|Any CPU
		{AD921025-6D02-4D89-B9F5-4587CC99F307}.Debug|Any CPU.Build.0 = Debug|Any CPU
		{AD921025-6D02-4D89-B9F5-4587CC99F307}.Release|Any CPU.ActiveCfg = Release|Any CPU
		{AD921025-6D02-4D89-B9F5-4587CC99F307}.Release|Any CPU.Build.0 = Release|Any CPU
		{219D85CB-E976-4ED7-B82D-BD2FCABB500B}.Debug|Any CPU.ActiveCfg = Debug|Any CPU
		{219D85CB-E976-4ED7-B82D-BD2FCABB500B}.Debug|Any CPU.Build.0 = Debug|Any CPU
		{219D85CB-E976-4ED7-B82D-BD2FCABB500B}.Release|Any CPU.ActiveCfg = Release|Any CPU
		{219D85CB-E976-4ED7-B82D-BD2FCABB500B}.Release|Any CPU.Build.0 = Release|Any CPU
		{6C715461-D3F5-4F01-9789-A621C043540B}.Debug|Any CPU.ActiveCfg = Debug|Any CPU
		{6C715461-D3F5-4F01-9789-A621C043540B}.Debug|Any CPU.Build.0 = Debug|Any CPU
		{6C715461-D3F5-4F01-9789-A621C043540B}.Release|Any CPU.ActiveCfg = Release|Any CPU
		{6C715461-D3F5-4F01-9789-A621C043540B}.Release|Any CPU.Build.0 = Release|Any CPU
		{62B7D334-299C-420F-805D-E86E0049661E}.Debug|Any CPU.ActiveCfg = Debug|Any CPU
		{62B7D334-299C-420F-805D-E86E0049661E}.Debug|Any CPU.Build.0 = Debug|Any CPU
		{62B7D334-299C-420F-805D-E86E0049661E}.Release|Any CPU.ActiveCfg = Release|Any CPU
		{62B7D334-299C-420F-805D-E86E0049661E}.Release|Any CPU.Build.0 = Release|Any CPU
	EndGlobalSection
	GlobalSection(SolutionProperties) = preSolution
		HideSolutionNode = FALSE
	EndGlobalSection
	GlobalSection(ExtensibilityGlobals) = postSolution
		SolutionGuid = {373ADCE5-662C-4E19-9B49-89F4ADBF96F5}
	EndGlobalSection
EndGlobal
