<Solution>
    <Configurations>
        <Platform Name="Any CPU" />
        <Platform Name="x64" />
        <Platform Name="x86" />
    </Configurations>
    <Folder Name="/Solution Items/">
        <File Path=".editorconfig" />
        <File Path="README.md" />
    </Folder>
    <Project Path="src/NCode.Identity.Abstractions/NCode.Identity.Abstractions.csproj" />
    <Project Path="src/NCode.Identity.Jose.Abstractions/NCode.Identity.Jose.Abstractions.csproj" />
    <Project Path="src/NCode.Identity.Jose/NCode.Identity.Jose.csproj" />
    <Project Path="src/NCode.Identity.JsonWebTokens/NCode.Identity.JsonWebTokens.csproj" />
    <Project Path="src/NCode.Identity.OpenId.Abstractions/NCode.Identity.OpenId.Abstractions.csproj" />
    <Project Path="src/NCode.Identity.OpenId.Authentication.Abstractions/NCode.Identity.OpenId.Authentication.Abstractions.csproj" />
    <Project Path="src/NCode.Identity.OpenId.Authentication/NCode.Identity.OpenId.Authentication.csproj" />
    <Project Path="src/NCode.Identity.OpenId.Core/NCode.Identity.OpenId.Core.csproj" />
    <Project Path="src/NCode.Identity.OpenId.Management.Abstractions/NCode.Identity.OpenId.Management.Abstractions.csproj" />
    <Project Path="src/NCode.Identity.OpenId.Management/NCode.Identity.OpenId.Management.csproj" />
    <Project Path="src/NCode.Identity.OpenId.Messages.Abstractions/NCode.Identity.OpenId.Messages.Abstractions.csproj" />
    <Project Path="src/NCode.Identity.OpenId.Persistence.Abstractions/NCode.Identity.OpenId.Persistence.Abstractions.csproj" />
    <Project Path="src/NCode.Identity.OpenId.Persistence.EntityFramework/NCode.Identity.OpenId.Persistence.EntityFramework.csproj" />
    <Project Path="src/NCode.Identity.OpenId.Persistence/NCode.Identity.OpenId.Persistence.csproj" />
    <Project Path="src/NCode.Identity.OpenId.Playground/NCode.Identity.OpenId.Playground.csproj" />
    <Project Path="src/NCode.Identity.Persistence.Abstractions/NCode.Identity.Persistence.Abstractions.csproj" />
    <Project Path="src/NCode.Identity.Secrets.Abstractions/NCode.Identity.Secrets.Abstractions.csproj" />
    <Project Path="src/NCode.Identity.Secrets.Persistence.Abstractions/NCode.Identity.Secrets.Persistence.Abstractions.csproj" />
    <Project Path="src/NCode.Identity.Secrets.Persistence/NCode.Identity.Secrets.Persistence.csproj" />
    <Project Path="src/NCode.Identity.Secrets/NCode.Identity.Secrets.csproj" />
    <Project Path="src/NCode.Identity.Server/NCode.Identity.Server.csproj" />
    <Project Path="src/NCode.Identity/NCode.Identity.csproj" />
    <Project Path="src/NCode.Persistence.Abstractions/NCode.Persistence.Abstractions.csproj" />
    <Project Path="src/NCode.Registration/NCode.Registration.csproj" />
    <Project Path="tests/NCode.Identity.Abstractions.Tests/NCode.Identity.Abstractions.Tests.csproj" />
    <Project Path="tests/NCode.Identity.JsonWebTokens.Tests/NCode.Identity.JsonWebTokens.Tests.csproj" />
    <Project Path="tests/NCode.Identity.Jose.Tests/NCode.Identity.Jose.Tests.csproj" />
    <Project Path="tests/NCode.Identity.OpenId.Core.Tests/NCode.Identity.OpenId.Core.Tests.csproj" />
    <Project Path="tests/NCode.Identity.OpenId.IntegrationTests/NCode.Identity.OpenId.IntegrationTests.csproj" />
    <Project Path="tests/NCode.Identity.OpenId.Management.Tests/NCode.Identity.OpenId.Management.Tests.csproj" />
    <Project Path="tests/NCode.Identity.OpenId.Persistence.EntityFramework.Tests/NCode.Identity.OpenId.Persistence.EntityFramework.Tests.csproj" />
    <Project Path="tests/NCode.Identity.Secrets.Abstractions.Tests/NCode.Identity.Secrets.Abstractions.Tests.csproj" />
    <Project Path="tests/NCode.Identity.Secrets.Persistence.Tests/NCode.Identity.Secrets.Persistence.Tests.csproj" />
    <Project Path="tests/NCode.Identity.Secrets.Tests/NCode.Identity.Secrets.Tests.csproj" />
    <Project Path="tests/NCode.Identity.Tests/NCode.Identity.Tests.csproj" />
</Solution>
